// !$*UTF8*$!
{
	archiveVersion = 1;
	classes = {
	};
	objectVersion = 50;
	objects = {

/* Begin PBXBuildFile section */
		3E72120A2086D15B00A67572 /* AppDelegate.m in Sources */ = {isa = PBXBuildFile; fileRef = 3E7212092086D15B00A67572 /* AppDelegate.m */; };
		3E72120D2086D15C00A67572 /* ViewController.m in Sources */ = {isa = PBXBuildFile; fileRef = 3E72120C2086D15C00A67572 /* ViewController.m */; };
		3E7212102086D15C00A67572 /* Main.storyboard in Resources */ = {isa = PBXBuildFile; fileRef = 3E72120E2086D15C00A67572 /* Main.storyboard */; };
		3E7212132086D15C00A67572 /* CommonLibraryDemo.xcdatamodeld in Sources */ = {isa = PBXBuildFile; fileRef = 3E7212112086D15C00A67572 /* CommonLibraryDemo.xcdatamodeld */; };
		3E7212152086D15D00A67572 /* Assets.xcassets in Resources */ = {isa = PBXBuildFile; fileRef = 3E7212142086D15D00A67572 /* Assets.xcassets */; };
		3E7212182086D15D00A67572 /* LaunchScreen.storyboard in Resources */ = {isa = PBXBuildFile; fileRef = 3E7212162086D15D00A67572 /* LaunchScreen.storyboard */; };
		3E72121B2086D15D00A67572 /* main.m in Sources */ = {isa = PBXBuildFile; fileRef = 3E72121A2086D15D00A67572 /* main.m */; };
		3E72124E2086D17100A67572 /* UIAlertController+CTAlertBlock.m in Sources */ = {isa = PBXBuildFile; fileRef = 3E7212232086D17000A67572 /* UIAlertController+CTAlertBlock.m */; };
		3E72124F2086D17100A67572 /* UIImage+Scale.m in Sources */ = {isa = PBXBuildFile; fileRef = 3E7212292086D17000A67572 /* UIImage+Scale.m */; };
		3E7212502086D17100A67572 /* NSString+Extension.m in Sources */ = {isa = PBXBuildFile; fileRef = 3E72122A2086D17000A67572 /* NSString+Extension.m */; };
		3E7212512086D17100A67572 /* UIButton+CTButtonBlock.m in Sources */ = {isa = PBXBuildFile; fileRef = 3E72122B2086D17000A67572 /* UIButton+CTButtonBlock.m */; };
		3E7212522086D17100A67572 /* UIView+SDXIBExtension.m in Sources */ = {isa = PBXBuildFile; fileRef = 3E72122C2086D17000A67572 /* UIView+SDXIBExtension.m */; };
		3E7212532086D17100A67572 /* CTAutoLoopViewController.m in Sources */ = {isa = PBXBuildFile; fileRef = 3E72122D2086D17000A67572 /* CTAutoLoopViewController.m */; };
		3E7212542086D17100A67572 /* CTCustomePageController.m in Sources */ = {isa = PBXBuildFile; fileRef = 3E72122E2086D17000A67572 /* CTCustomePageController.m */; };
		3E7212552086D17100A67572 /* CTVersionAutoUpdate.m in Sources */ = {isa = PBXBuildFile; fileRef = 3E7212312086D17000A67572 /* CTVersionAutoUpdate.m */; };
		3E7212562086D17100A67572 /* CTDelegateObj.m in Sources */ = {isa = PBXBuildFile; fileRef = 3E7212342086D17000A67572 /* CTDelegateObj.m */; };
		3E7212572086D17100A67572 /* CTDataSourceObj.m in Sources */ = {isa = PBXBuildFile; fileRef = 3E7212352086D17000A67572 /* CTDataSourceObj.m */; };
		3E7212582086D17100A67572 /* CTLocationViewController.m in Sources */ = {isa = PBXBuildFile; fileRef = 3E7212392086D17000A67572 /* CTLocationViewController.m */; };
		3E7212592086D17100A67572 /* CTLocationViewController.xib in Resources */ = {isa = PBXBuildFile; fileRef = 3E72123C2086D17000A67572 /* CTLocationViewController.xib */; };
		3E72125A2086D17100A67572 /* CTLocationNavController.m in Sources */ = {isa = PBXBuildFile; fileRef = 3E72123E2086D17000A67572 /* CTLocationNavController.m */; };
		3E72125B2086D17100A67572 /* ct_city.plist in Resources */ = {isa = PBXBuildFile; fileRef = 3E72123F2086D17000A67572 /* ct_city.plist */; };
		3E72125C2086D17100A67572 /* ct_toTop@2x.png in Resources */ = {isa = PBXBuildFile; fileRef = 3E7212402086D17000A67572 /* ct_toTop@2x.png */; };
		3E72125D2086D17100A67572 /* ChineseTransform.m in Sources */ = {isa = PBXBuildFile; fileRef = 3E7212412086D17000A67572 /* ChineseTransform.m */; };
		3E72125E2086D17100A67572 /* ct_close_location@2x.png in Resources */ = {isa = PBXBuildFile; fileRef = 3E7212422086D17000A67572 /* ct_close_location@2x.png */; };
		3E72125F2086D17100A67572 /* CTAutoRunLabel.m in Sources */ = {isa = PBXBuildFile; fileRef = 3E7212432086D17000A67572 /* CTAutoRunLabel.m */; };
		3E7212602086D17100A67572 /* KeychainTool.m in Sources */ = {isa = PBXBuildFile; fileRef = 3E7212482086D17000A67572 /* KeychainTool.m */; };
		3E7212612086D17100A67572 /* CTAutoPositionScrollview.m in Sources */ = {isa = PBXBuildFile; fileRef = 3E7212492086D17000A67572 /* CTAutoPositionScrollview.m */; };
		3E7212622086D17100A67572 /* CTTouchIDAuthorize.m in Sources */ = {isa = PBXBuildFile; fileRef = 3E72124C2086D17000A67572 /* CTTouchIDAuthorize.m */; };
		3E7212662086D23D00A67572 /* NSTimer+timerBlock.m in Sources */ = {isa = PBXBuildFile; fileRef = 3E7212652086D23D00A67572 /* NSTimer+timerBlock.m */; };
		3E7212692086D84100A67572 /* CADisplayLink+DisplayBlock.m in Sources */ = {isa = PBXBuildFile; fileRef = 3E7212682086D84100A67572 /* CADisplayLink+DisplayBlock.m */; };
		3E72126C2086DA9100A67572 /* TestViewController.m in Sources */ = {isa = PBXBuildFile; fileRef = 3E72126B2086DA9100A67572 /* TestViewController.m */; };
/* End PBXBuildFile section */

/* Begin PBXFileReference section */
		3E7212052086D15B00A67572 /* CommonLibraryDemo.app */ = {isa = PBXFileReference; explicitFileType = wrapper.application; includeInIndex = 0; path = CommonLibraryDemo.app; sourceTree = BUILT_PRODUCTS_DIR; };
		3E7212082086D15B00A67572 /* AppDelegate.h */ = {isa = PBXFileReference; lastKnownFileType = sourcecode.c.h; path = AppDelegate.h; sourceTree = "<group>"; };
		3E7212092086D15B00A67572 /* AppDelegate.m */ = {isa = PBXFileReference; lastKnownFileType = sourcecode.c.objc; path = AppDelegate.m; sourceTree = "<group>"; };
		3E72120B2086D15C00A67572 /* ViewController.h */ = {isa = PBXFileReference; lastKnownFileType = sourcecode.c.h; path = ViewController.h; sourceTree = "<group>"; };
		3E72120C2086D15C00A67572 /* ViewController.m */ = {isa = PBXFileReference; lastKnownFileType = sourcecode.c.objc; path = ViewController.m; sourceTree = "<group>"; };
		3E72120F2086D15C00A67572 /* Base */ = {isa = PBXFileReference; lastKnownFileType = file.storyboard; name = Base; path = Base.lproj/Main.storyboard; sourceTree = "<group>"; };
		3E7212122086D15C00A67572 /* CommonLibraryDemo.xcdatamodel */ = {isa = PBXFileReference; lastKnownFileType = wrapper.xcdatamodel; path = CommonLibraryDemo.xcdatamodel; sourceTree = "<group>"; };
		3E7212142086D15D00A67572 /* Assets.xcassets */ = {isa = PBXFileReference; lastKnownFileType = folder.assetcatalog; path = Assets.xcassets; sourceTree = "<group>"; };
		3E7212172086D15D00A67572 /* Base */ = {isa = PBXFileReference; lastKnownFileType = file.storyboard; name = Base; path = Base.lproj/LaunchScreen.storyboard; sourceTree = "<group>"; };
		3E7212192086D15D00A67572 /* Info.plist */ = {isa = PBXFileReference; lastKnownFileType = text.plist.xml; path = Info.plist; sourceTree = "<group>"; };
		3E72121A2086D15D00A67572 /* main.m */ = {isa = PBXFileReference; lastKnownFileType = sourcecode.c.objc; path = main.m; sourceTree = "<group>"; };
		3E7212232086D17000A67572 /* UIAlertController+CTAlertBlock.m */ = {isa = PBXFileReference; fileEncoding = 4; lastKnownFileType = sourcecode.c.objc; path = "UIAlertController+CTAlertBlock.m"; sourceTree = "<group>"; };
		3E7212242086D17000A67572 /* NSString+Extension.h */ = {isa = PBXFileReference; fileEncoding = 4; lastKnownFileType = sourcecode.c.h; path = "NSString+Extension.h"; sourceTree = "<group>"; };
		3E7212252086D17000A67572 /* UIImage+Scale.h */ = {isa = PBXFileReference; fileEncoding = 4; lastKnownFileType = sourcecode.c.h; path = "UIImage+Scale.h"; sourceTree = "<group>"; };
		3E7212262086D17000A67572 /* UIButton+CTButtonBlock.h */ = {isa = PBXFileReference; fileEncoding = 4; lastKnownFileType = sourcecode.c.h; path = "UIButton+CTButtonBlock.h"; sourceTree = "<group>"; };
		3E7212272086D17000A67572 /* UIView+SDXIBExtension.h */ = {isa = PBXFileReference; fileEncoding = 4; lastKnownFileType = sourcecode.c.h; path = "UIView+SDXIBExtension.h"; sourceTree = "<group>"; };
		3E7212282086D17000A67572 /* UIAlertController+CTAlertBlock.h */ = {isa = PBXFileReference; fileEncoding = 4; lastKnownFileType = sourcecode.c.h; path = "UIAlertController+CTAlertBlock.h"; sourceTree = "<group>"; };
		3E7212292086D17000A67572 /* UIImage+Scale.m */ = {isa = PBXFileReference; fileEncoding = 4; lastKnownFileType = sourcecode.c.objc; path = "UIImage+Scale.m"; sourceTree = "<group>"; };
		3E72122A2086D17000A67572 /* NSString+Extension.m */ = {isa = PBXFileReference; fileEncoding = 4; lastKnownFileType = sourcecode.c.objc; path = "NSString+Extension.m"; sourceTree = "<group>"; };
		3E72122B2086D17000A67572 /* UIButton+CTButtonBlock.m */ = {isa = PBXFileReference; fileEncoding = 4; lastKnownFileType = sourcecode.c.objc; path = "UIButton+CTButtonBlock.m"; sourceTree = "<group>"; };
		3E72122C2086D17000A67572 /* UIView+SDXIBExtension.m */ = {isa = PBXFileReference; fileEncoding = 4; lastKnownFileType = sourcecode.c.objc; path = "UIView+SDXIBExtension.m"; sourceTree = "<group>"; };
		3E72122D2086D17000A67572 /* CTAutoLoopViewController.m */ = {isa = PBXFileReference; fileEncoding = 4; lastKnownFileType = sourcecode.c.objc; path = CTAutoLoopViewController.m; sourceTree = "<group>"; };
		3E72122E2086D17000A67572 /* CTCustomePageController.m */ = {isa = PBXFileReference; fileEncoding = 4; lastKnownFileType = sourcecode.c.objc; path = CTCustomePageController.m; sourceTree = "<group>"; };
		3E7212302086D17000A67572 /* CTVersionAutoUpdate.h */ = {isa = PBXFileReference; fileEncoding = 4; lastKnownFileType = sourcecode.c.h; path = CTVersionAutoUpdate.h; sourceTree = "<group>"; };
		3E7212312086D17000A67572 /* CTVersionAutoUpdate.m */ = {isa = PBXFileReference; fileEncoding = 4; lastKnownFileType = sourcecode.c.objc; path = CTVersionAutoUpdate.m; sourceTree = "<group>"; };
		3E7212322086D17000A67572 /* CTTouchIDAuthorize.h */ = {isa = PBXFileReference; fileEncoding = 4; lastKnownFileType = sourcecode.c.h; path = CTTouchIDAuthorize.h; sourceTree = "<group>"; };
		3E7212342086D17000A67572 /* CTDelegateObj.m */ = {isa = PBXFileReference; fileEncoding = 4; lastKnownFileType = sourcecode.c.objc; path = CTDelegateObj.m; sourceTree = "<group>"; };
		3E7212352086D17000A67572 /* CTDataSourceObj.m */ = {isa = PBXFileReference; fileEncoding = 4; lastKnownFileType = sourcecode.c.objc; path = CTDataSourceObj.m; sourceTree = "<group>"; };
		3E7212362086D17000A67572 /* CTDelegateObj.h */ = {isa = PBXFileReference; fileEncoding = 4; lastKnownFileType = sourcecode.c.h; path = CTDelegateObj.h; sourceTree = "<group>"; };
		3E7212372086D17000A67572 /* CTDataSourceObj.h */ = {isa = PBXFileReference; fileEncoding = 4; lastKnownFileType = sourcecode.c.h; path = CTDataSourceObj.h; sourceTree = "<group>"; };
		3E7212392086D17000A67572 /* CTLocationViewController.m */ = {isa = PBXFileReference; fileEncoding = 4; lastKnownFileType = sourcecode.c.objc; path = CTLocationViewController.m; sourceTree = "<group>"; };
		3E72123A2086D17000A67572 /* CTLocationNavController.h */ = {isa = PBXFileReference; fileEncoding = 4; lastKnownFileType = sourcecode.c.h; path = CTLocationNavController.h; sourceTree = "<group>"; };
		3E72123B2086D17000A67572 /* ChineseTransform.h */ = {isa = PBXFileReference; fileEncoding = 4; lastKnownFileType = sourcecode.c.h; path = ChineseTransform.h; sourceTree = "<group>"; };
		3E72123C2086D17000A67572 /* CTLocationViewController.xib */ = {isa = PBXFileReference; fileEncoding = 4; lastKnownFileType = file.xib; path = CTLocationViewController.xib; sourceTree = "<group>"; };
		3E72123D2086D17000A67572 /* CTLocationViewController.h */ = {isa = PBXFileReference; fileEncoding = 4; lastKnownFileType = sourcecode.c.h; path = CTLocationViewController.h; sourceTree = "<group>"; };
		3E72123E2086D17000A67572 /* CTLocationNavController.m */ = {isa = PBXFileReference; fileEncoding = 4; lastKnownFileType = sourcecode.c.objc; path = CTLocationNavController.m; sourceTree = "<group>"; };
		3E72123F2086D17000A67572 /* ct_city.plist */ = {isa = PBXFileReference; fileEncoding = 4; lastKnownFileType = text.plist.xml; path = ct_city.plist; sourceTree = "<group>"; };
		3E7212402086D17000A67572 /* ct_toTop@2x.png */ = {isa = PBXFileReference; lastKnownFileType = image.png; path = "ct_toTop@2x.png"; sourceTree = "<group>"; };
		3E7212412086D17000A67572 /* ChineseTransform.m */ = {isa = PBXFileReference; fileEncoding = 4; lastKnownFileType = sourcecode.c.objc; path = ChineseTransform.m; sourceTree = "<group>"; };
		3E7212422086D17000A67572 /* ct_close_location@2x.png */ = {isa = PBXFileReference; lastKnownFileType = image.png; path = "ct_close_location@2x.png"; sourceTree = "<group>"; };
		3E7212432086D17000A67572 /* CTAutoRunLabel.m */ = {isa = PBXFileReference; fileEncoding = 4; lastKnownFileType = sourcecode.c.objc; path = CTAutoRunLabel.m; sourceTree = "<group>"; };
		3E7212442086D17000A67572 /* CTCommonLibrary.h */ = {isa = PBXFileReference; fileEncoding = 4; lastKnownFileType = sourcecode.c.h; path = CTCommonLibrary.h; sourceTree = "<group>"; };
		3E7212462086D17000A67572 /* CTAutoPositionScrollview.h */ = {isa = PBXFileReference; fileEncoding = 4; lastKnownFileType = sourcecode.c.h; path = CTAutoPositionScrollview.h; sourceTree = "<group>"; };
		3E7212472086D17000A67572 /* KeychainTool.h */ = {isa = PBXFileReference; fileEncoding = 4; lastKnownFileType = sourcecode.c.h; path = KeychainTool.h; sourceTree = "<group>"; };
		3E7212482086D17000A67572 /* KeychainTool.m */ = {isa = PBXFileReference; fileEncoding = 4; lastKnownFileType = sourcecode.c.objc; path = KeychainTool.m; sourceTree = "<group>"; };
		3E7212492086D17000A67572 /* CTAutoPositionScrollview.m */ = {isa = PBXFileReference; fileEncoding = 4; lastKnownFileType = sourcecode.c.objc; path = CTAutoPositionScrollview.m; sourceTree = "<group>"; };
		3E72124A2086D17000A67572 /* CTCustomePageController.h */ = {isa = PBXFileReference; fileEncoding = 4; lastKnownFileType = sourcecode.c.h; path = CTCustomePageController.h; sourceTree = "<group>"; };
		3E72124B2086D17000A67572 /* CTAutoLoopViewController.h */ = {isa = PBXFileReference; fileEncoding = 4; lastKnownFileType = sourcecode.c.h; path = CTAutoLoopViewController.h; sourceTree = "<group>"; };
		3E72124C2086D17000A67572 /* CTTouchIDAuthorize.m */ = {isa = PBXFileReference; fileEncoding = 4; lastKnownFileType = sourcecode.c.objc; path = CTTouchIDAuthorize.m; sourceTree = "<group>"; };
		3E72124D2086D17000A67572 /* CTAutoRunLabel.h */ = {isa = PBXFileReference; fileEncoding = 4; lastKnownFileType = sourcecode.c.h; path = CTAutoRunLabel.h; sourceTree = "<group>"; };
		3E7212642086D23D00A67572 /* NSTimer+timerBlock.h */ = {isa = PBXFileReference; lastKnownFileType = sourcecode.c.h; path = "NSTimer+timerBlock.h"; sourceTree = "<group>"; };
		3E7212652086D23D00A67572 /* NSTimer+timerBlock.m */ = {isa = PBXFileReference; lastKnownFileType = sourcecode.c.objc; path = "NSTimer+timerBlock.m"; sourceTree = "<group>"; };
		3E7212672086D84100A67572 /* CADisplayLink+DisplayBlock.h */ = {isa = PBXFileReference; lastKnownFileType = sourcecode.c.h; path = "CADisplayLink+DisplayBlock.h"; sourceTree = "<group>"; };
		3E7212682086D84100A67572 /* CADisplayLink+DisplayBlock.m */ = {isa = PBXFileReference; lastKnownFileType = sourcecode.c.objc; path = "CADisplayLink+DisplayBlock.m"; sourceTree = "<group>"; };
		3E72126A2086DA9100A67572 /* TestViewController.h */ = {isa = PBXFileReference; lastKnownFileType = sourcecode.c.h; path = TestViewController.h; sourceTree = "<group>"; };
		3E72126B2086DA9100A67572 /* TestViewController.m */ = {isa = PBXFileReference; lastKnownFileType = sourcecode.c.objc; path = TestViewController.m; sourceTree = "<group>"; };
/* End PBXFileReference section */

/* Begin PBXFrameworksBuildPhase section */
		3E7212022086D15B00A67572 /* Frameworks */ = {
			isa = PBXFrameworksBuildPhase;
			buildActionMask = 2147483647;
			files = (
			);
			runOnlyForDeploymentPostprocessing = 0;
		};
/* End PBXFrameworksBuildPhase section */

/* Begin PBXGroup section */
		3E7211FC2086D15B00A67572 = {
			isa = PBXGroup;
			children = (
				3E7212072086D15B00A67572 /* CommonLibraryDemo */,
				3E7212062086D15B00A67572 /* Products */,
			);
			sourceTree = "<group>";
		};
		3E7212062086D15B00A67572 /* Products */ = {
			isa = PBXGroup;
			children = (
				3E7212052086D15B00A67572 /* CommonLibraryDemo.app */,
			);
			name = Products;
			sourceTree = "<group>";
		};
		3E7212072086D15B00A67572 /* CommonLibraryDemo */ = {
			isa = PBXGroup;
			children = (
				3E7212212086D17000A67572 /* CTCommonLibrary */,
				3E7212082086D15B00A67572 /* AppDelegate.h */,
				3E7212092086D15B00A67572 /* AppDelegate.m */,
				3E72120B2086D15C00A67572 /* ViewController.h */,
				3E72120C2086D15C00A67572 /* ViewController.m */,
				3E72126A2086DA9100A67572 /* TestViewController.h */,
				3E72126B2086DA9100A67572 /* TestViewController.m */,
				3E72120E2086D15C00A67572 /* Main.storyboard */,
				3E7212142086D15D00A67572 /* Assets.xcassets */,
				3E7212162086D15D00A67572 /* LaunchScreen.storyboard */,
				3E7212192086D15D00A67572 /* Info.plist */,
				3E72121A2086D15D00A67572 /* main.m */,
				3E7212112086D15C00A67572 /* CommonLibraryDemo.xcdatamodeld */,
			);
			path = CommonLibraryDemo;
			sourceTree = "<group>";
		};
		3E7212212086D17000A67572 /* CTCommonLibrary */ = {
			isa = PBXGroup;
			children = (
				3E7212632086D20500A67572 /* CTAutoRunLabel */,
				3E7212222086D17000A67572 /* Category */,
				3E7212382086D17000A67572 /* CTAutoLocation */,
				3E72124B2086D17000A67572 /* CTAutoLoopViewController.h */,
				3E72122D2086D17000A67572 /* CTAutoLoopViewController.m */,
				3E7212442086D17000A67572 /* CTCommonLibrary.h */,
				3E72124A2086D17000A67572 /* CTCustomePageController.h */,
				3E72122E2086D17000A67572 /* CTCustomePageController.m */,
				3E7212332086D17000A67572 /* CTTableViewDelegate */,
				3E7212322086D17000A67572 /* CTTouchIDAuthorize.h */,
				3E72124C2086D17000A67572 /* CTTouchIDAuthorize.m */,
				3E72122F2086D17000A67572 /* CTVersionCheck */,
				3E7212452086D17000A67572 /* CustomLibrary */,
			);
			name = CTCommonLibrary;
			path = ../../CTCommonLibrary;
			sourceTree = "<group>";
		};
		3E7212222086D17000A67572 /* Category */ = {
			isa = PBXGroup;
			children = (
				3E7212672086D84100A67572 /* CADisplayLink+DisplayBlock.h */,
				3E7212682086D84100A67572 /* CADisplayLink+DisplayBlock.m */,
				3E7212242086D17000A67572 /* NSString+Extension.h */,
				3E72122A2086D17000A67572 /* NSString+Extension.m */,
				3E7212282086D17000A67572 /* UIAlertController+CTAlertBlock.h */,
				3E7212232086D17000A67572 /* UIAlertController+CTAlertBlock.m */,
				3E7212262086D17000A67572 /* UIButton+CTButtonBlock.h */,
				3E72122B2086D17000A67572 /* UIButton+CTButtonBlock.m */,
				3E7212252086D17000A67572 /* UIImage+Scale.h */,
				3E7212292086D17000A67572 /* UIImage+Scale.m */,
				3E7212272086D17000A67572 /* UIView+SDXIBExtension.h */,
				3E72122C2086D17000A67572 /* UIView+SDXIBExtension.m */,
			);
			path = Category;
			sourceTree = "<group>";
		};
		3E72122F2086D17000A67572 /* CTVersionCheck */ = {
			isa = PBXGroup;
			children = (
				3E7212302086D17000A67572 /* CTVersionAutoUpdate.h */,
				3E7212312086D17000A67572 /* CTVersionAutoUpdate.m */,
			);
			path = CTVersionCheck;
			sourceTree = "<group>";
		};
		3E7212332086D17000A67572 /* CTTableViewDelegate */ = {
			isa = PBXGroup;
			children = (
				3E7212342086D17000A67572 /* CTDelegateObj.m */,
				3E7212352086D17000A67572 /* CTDataSourceObj.m */,
				3E7212362086D17000A67572 /* CTDelegateObj.h */,
				3E7212372086D17000A67572 /* CTDataSourceObj.h */,
			);
			path = CTTableViewDelegate;
			sourceTree = "<group>";
		};
		3E7212382086D17000A67572 /* CTAutoLocation */ = {
			isa = PBXGroup;
			children = (
				3E7212392086D17000A67572 /* CTLocationViewController.m */,
				3E72123A2086D17000A67572 /* CTLocationNavController.h */,
				3E72123B2086D17000A67572 /* ChineseTransform.h */,
				3E72123C2086D17000A67572 /* CTLocationViewController.xib */,
				3E72123D2086D17000A67572 /* CTLocationViewController.h */,
				3E72123E2086D17000A67572 /* CTLocationNavController.m */,
				3E72123F2086D17000A67572 /* ct_city.plist */,
				3E7212402086D17000A67572 /* ct_toTop@2x.png */,
				3E7212412086D17000A67572 /* ChineseTransform.m */,
				3E7212422086D17000A67572 /* ct_close_location@2x.png */,
			);
			path = CTAutoLocation;
			sourceTree = "<group>";
		};
		3E7212452086D17000A67572 /* CustomLibrary */ = {
			isa = PBXGroup;
			children = (
				3E7212462086D17000A67572 /* CTAutoPositionScrollview.h */,
				3E7212472086D17000A67572 /* KeychainTool.h */,
				3E7212482086D17000A67572 /* KeychainTool.m */,
				3E7212492086D17000A67572 /* CTAutoPositionScrollview.m */,
			);
			path = CustomLibrary;
			sourceTree = "<group>";
		};
		3E7212632086D20500A67572 /* CTAutoRunLabel */ = {
			isa = PBXGroup;
			children = (
				3E72124D2086D17000A67572 /* CTAutoRunLabel.h */,
				3E7212432086D17000A67572 /* CTAutoRunLabel.m */,
				3E7212642086D23D00A67572 /* NSTimer+timerBlock.h */,
				3E7212652086D23D00A67572 /* NSTimer+timerBlock.m */,
			);
			path = CTAutoRunLabel;
			sourceTree = "<group>";
		};
/* End PBXGroup section */

/* Begin PBXNativeTarget section */
		3E7212042086D15B00A67572 /* CommonLibraryDemo */ = {
			isa = PBXNativeTarget;
			buildConfigurationList = 3E72121E2086D15D00A67572 /* Build configuration list for PBXNativeTarget "CommonLibraryDemo" */;
			buildPhases = (
				3E7212012086D15B00A67572 /* Sources */,
				3E7212022086D15B00A67572 /* Frameworks */,
				3E7212032086D15B00A67572 /* Resources */,
			);
			buildRules = (
			);
			dependencies = (
			);
			name = CommonLibraryDemo;
			productName = CommonLibraryDemo;
			productReference = 3E7212052086D15B00A67572 /* CommonLibraryDemo.app */;
			productType = "com.apple.product-type.application";
		};
/* End PBXNativeTarget section */

/* Begin PBXProject section */
		3E7211FD2086D15B00A67572 /* Project object */ = {
			isa = PBXProject;
			attributes = {
				LastUpgradeCheck = 0930;
				ORGANIZATIONNAME = "陈腾";
				TargetAttributes = {
					3E7212042086D15B00A67572 = {
						CreatedOnToolsVersion = 9.3;
					};
				};
			};
			buildConfigurationList = 3E7212002086D15B00A67572 /* Build configuration list for PBXProject "CommonLibraryDemo" */;
			compatibilityVersion = "Xcode 9.3";
			developmentRegion = en;
			hasScannedForEncodings = 0;
			knownRegions = (
				en,
				Base,
			);
			mainGroup = 3E7211FC2086D15B00A67572;
			productRefGroup = 3E7212062086D15B00A67572 /* Products */;
			projectDirPath = "";
			projectRoot = "";
			targets = (
				3E7212042086D15B00A67572 /* CommonLibraryDemo */,
			);
		};
/* End PBXProject section */

/* Begin PBXResourcesBuildPhase section */
		3E7212032086D15B00A67572 /* Resources */ = {
			isa = PBXResourcesBuildPhase;
			buildActionMask = 2147483647;
			files = (
				3E72125C2086D17100A67572 /* ct_toTop@2x.png in Resources */,
				3E7212592086D17100A67572 /* CTLocationViewController.xib in Resources */,
				3E72125B2086D17100A67572 /* ct_city.plist in Resources */,
				3E7212182086D15D00A67572 /* LaunchScreen.storyboard in Resources */,
				3E7212152086D15D00A67572 /* Assets.xcassets in Resources */,
				3E7212102086D15C00A67572 /* Main.storyboard in Resources */,
				3E72125E2086D17100A67572 /* ct_close_location@2x.png in Resources */,
			);
			runOnlyForDeploymentPostprocessing = 0;
		};
/* End PBXResourcesBuildPhase section */

/* Begin PBXSourcesBuildPhase section */
		3E7212012086D15B00A67572 /* Sources */ = {
			isa = PBXSourcesBuildPhase;
			buildActionMask = 2147483647;
			files = (
				3E7212662086D23D00A67572 /* NSTimer+timerBlock.m in Sources */,
				3E7212602086D17100A67572 /* KeychainTool.m in Sources */,
				3E72120D2086D15C00A67572 /* ViewController.m in Sources */,
				3E7212552086D17100A67572 /* CTVersionAutoUpdate.m in Sources */,
				3E72120A2086D15B00A67572 /* AppDelegate.m in Sources */,
				3E72121B2086D15D00A67572 /* main.m in Sources */,
				3E72126C2086DA9100A67572 /* TestViewController.m in Sources */,
				3E7212132086D15C00A67572 /* CommonLibraryDemo.xcdatamodeld in Sources */,
				3E72124F2086D17100A67572 /* UIImage+Scale.m in Sources */,
				3E72125F2086D17100A67572 /* CTAutoRunLabel.m in Sources */,
				3E72125D2086D17100A67572 /* ChineseTransform.m in Sources */,
				3E7212542086D17100A67572 /* CTCustomePageController.m in Sources */,
				3E7212622086D17100A67572 /* CTTouchIDAuthorize.m in Sources */,
				3E7212582086D17100A67572 /* CTLocationViewController.m in Sources */,
				3E7212562086D17100A67572 /* CTDelegateObj.m in Sources */,
				3E7212612086D17100A67572 /* CTAutoPositionScrollview.m in Sources */,
				3E72124E2086D17100A67572 /* UIAlertController+CTAlertBlock.m in Sources */,
				3E7212572086D17100A67572 /* CTDataSourceObj.m in Sources */,
				3E7212692086D84100A67572 /* CADisplayLink+DisplayBlock.m in Sources */,
				3E7212512086D17100A67572 /* UIButton+CTButtonBlock.m in Sources */,
				3E7212522086D17100A67572 /* UIView+SDXIBExtension.m in Sources */,
				3E72125A2086D17100A67572 /* CTLocationNavController.m in Sources */,
				3E7212532086D17100A67572 /* CTAutoLoopViewController.m in Sources */,
				3E7212502086D17100A67572 /* NSString+Extension.m in Sources */,
			);
			runOnlyForDeploymentPostprocessing = 0;
		};
/* End PBXSourcesBuildPhase section */

/* Begin PBXVariantGroup section */
		3E72120E2086D15C00A67572 /* Main.storyboard */ = {
			isa = PBXVariantGroup;
			children = (
				3E72120F2086D15C00A67572 /* Base */,
			);
			name = Main.storyboard;
			sourceTree = "<group>";
		};
		3E7212162086D15D00A67572 /* LaunchScreen.storyboard */ = {
			isa = PBXVariantGroup;
			children = (
				3E7212172086D15D00A67572 /* Base */,
			);
			name = LaunchScreen.storyboard;
			sourceTree = "<group>";
		};
/* End PBXVariantGroup section */

/* Begin XCBuildConfiguration section */
		3E72121C2086D15D00A67572 /* Debug */ = {
			isa = XCBuildConfiguration;
			buildSettings = {
				ALWAYS_SEARCH_USER_PATHS = NO;
				CLANG_ANALYZER_NONNULL = YES;
				CLANG_ANALYZER_NUMBER_OBJECT_CONVERSION = YES_AGGRESSIVE;
				CLANG_CXX_LANGUAGE_STANDARD = "gnu++14";
				CLANG_CXX_LIBRARY = "libc++";
				CLANG_ENABLE_MODULES = YES;
				CLANG_ENABLE_OBJC_ARC = YES;
				CLANG_ENABLE_OBJC_WEAK = YES;
				CLANG_WARN_BLOCK_CAPTURE_AUTORELEASING = YES;
				CLANG_WARN_BOOL_CONVERSION = YES;
				CLANG_WARN_COMMA = YES;
				CLANG_WARN_CONSTANT_CONVERSION = YES;
				CLANG_WARN_DEPRECATED_OBJC_IMPLEMENTATIONS = YES;
				CLANG_WARN_DIRECT_OBJC_ISA_USAGE = YES_ERROR;
				CLANG_WARN_DOCUMENTATION_COMMENTS = YES;
				CLANG_WARN_EMPTY_BODY = YES;
				CLANG_WARN_ENUM_CONVERSION = YES;
				CLANG_WARN_INFINITE_RECURSION = YES;
				CLANG_WARN_INT_CONVERSION = YES;
				CLANG_WARN_NON_LITERAL_NULL_CONVERSION = YES;
				CLANG_WARN_OBJC_IMPLICIT_RETAIN_SELF = YES;
				CLANG_WARN_OBJC_LITERAL_CONVERSION = YES;
				CLANG_WARN_OBJC_ROOT_CLASS = YES_ERROR;
				CLANG_WARN_RANGE_LOOP_ANALYSIS = YES;
				CLANG_WARN_STRICT_PROTOTYPES = YES;
				CLANG_WARN_SUSPICIOUS_MOVE = YES;
				CLANG_WARN_UNGUARDED_AVAILABILITY = YES_AGGRESSIVE;
				CLANG_WARN_UNREACHABLE_CODE = YES;
				CLANG_WARN__DUPLICATE_METHOD_MATCH = YES;
				CODE_SIGN_IDENTITY = "iPhone Developer";
				COPY_PHASE_STRIP = NO;
				DEBUG_INFORMATION_FORMAT = dwarf;
				ENABLE_STRICT_OBJC_MSGSEND = YES;
				ENABLE_TESTABILITY = YES;
				GCC_C_LANGUAGE_STANDARD = gnu11;
				GCC_DYNAMIC_NO_PIC = NO;
				GCC_NO_COMMON_BLOCKS = YES;
				GCC_OPTIMIZATION_LEVEL = 0;
				GCC_PREPROCESSOR_DEFINITIONS = (
					"DEBUG=1",
					"$(inherited)",
				);
				GCC_WARN_64_TO_32_BIT_CONVERSION = YES;
				GCC_WARN_ABOUT_RETURN_TYPE = YES_ERROR;
				GCC_WARN_UNDECLARED_SELECTOR = YES;
				GCC_WARN_UNINITIALIZED_AUTOS = YES_AGGRESSIVE;
				GCC_WARN_UNUSED_FUNCTION = YES;
				GCC_WARN_UNUSED_VARIABLE = YES;
				IPHONEOS_DEPLOYMENT_TARGET = 8.0;
				MTL_ENABLE_DEBUG_INFO = YES;
				ONLY_ACTIVE_ARCH = YES;
				SDKROOT = iphoneos;
			};
			name = Debug;
		};
		3E72121D2086D15D00A67572 /* Release */ = {
			isa = XCBuildConfiguration;
			buildSettings = {
				ALWAYS_SEARCH_USER_PATHS = NO;
				CLANG_ANALYZER_NONNULL = YES;
				CLANG_ANALYZER_NUMBER_OBJECT_CONVERSION = YES_AGGRESSIVE;
				CLANG_CXX_LANGUAGE_STANDARD = "gnu++14";
				CLANG_CXX_LIBRARY = "libc++";
				CLANG_ENABLE_MODULES = YES;
				CLANG_ENABLE_OBJC_ARC = YES;
				CLANG_ENABLE_OBJC_WEAK = YES;
				CLANG_WARN_BLOCK_CAPTURE_AUTORELEASING = YES;
				CLANG_WARN_BOOL_CONVERSION = YES;
				CLANG_WARN_COMMA = YES;
				CLANG_WARN_CONSTANT_CONVERSION = YES;
				CLANG_WARN_DEPRECATED_OBJC_IMPLEMENTATIONS = YES;
				CLANG_WARN_DIRECT_OBJC_ISA_USAGE = YES_ERROR;
				CLANG_WARN_DOCUMENTATION_COMMENTS = YES;
				CLANG_WARN_EMPTY_BODY = YES;
				CLANG_WARN_ENUM_CONVERSION = YES;
				CLANG_WARN_INFINITE_RECURSION = YES;
				CLANG_WARN_INT_CONVERSION = YES;
				CLANG_WARN_NON_LITERAL_NULL_CONVERSION = YES;
				CLANG_WARN_OBJC_IMPLICIT_RETAIN_SELF = YES;
				CLANG_WARN_OBJC_LITERAL_CONVERSION = YES;
				CLANG_WARN_OBJC_ROOT_CLASS = YES_ERROR;
				CLANG_WARN_RANGE_LOOP_ANALYSIS = YES;
				CLANG_WARN_STRICT_PROTOTYPES = YES;
				CLANG_WARN_SUSPICIOUS_MOVE = YES;
				CLANG_WARN_UNGUARDED_AVAILABILITY = YES_AGGRESSIVE;
				CLANG_WARN_UNREACHABLE_CODE = YES;
				CLANG_WARN__DUPLICATE_METHOD_MATCH = YES;
				CODE_SIGN_IDENTITY = "iPhone Developer";
				COPY_PHASE_STRIP = NO;
				DEBUG_INFORMATION_FORMAT = "dwarf-with-dsym";
				ENABLE_NS_ASSERTIONS = NO;
				ENABLE_STRICT_OBJC_MSGSEND = YES;
				GCC_C_LANGUAGE_STANDARD = gnu11;
				GCC_NO_COMMON_BLOCKS = YES;
				GCC_WARN_64_TO_32_BIT_CONVERSION = YES;
				GCC_WARN_ABOUT_RETURN_TYPE = YES_ERROR;
				GCC_WARN_UNDECLARED_SELECTOR = YES;
				GCC_WARN_UNINITIALIZED_AUTOS = YES_AGGRESSIVE;
				GCC_WARN_UNUSED_FUNCTION = YES;
				GCC_WARN_UNUSED_VARIABLE = YES;
				IPHONEOS_DEPLOYMENT_TARGET = 8.0;
				MTL_ENABLE_DEBUG_INFO = NO;
				SDKROOT = iphoneos;
				VALIDATE_PRODUCT = YES;
			};
			name = Release;
		};
		3E72121F2086D15D00A67572 /* Debug */ = {
			isa = XCBuildConfiguration;
			buildSettings = {
				ASSETCATALOG_COMPILER_APPICON_NAME = AppIcon;
				CODE_SIGN_STYLE = Automatic;
				DEVELOPMENT_TEAM = W7ZXZZABXK;
				INFOPLIST_FILE = CommonLibraryDemo/Info.plist;
				LD_RUNPATH_SEARCH_PATHS = (
					"$(inherited)",
					"@executable_path/Frameworks",
				);
				PRODUCT_BUNDLE_IDENTIFIER = tengChen.CommonLibraryDemo;
				PRODUCT_NAME = "$(TARGET_NAME)";
				TARGETED_DEVICE_FAMILY = "1,2";
			};
			name = Debug;
		};
		3E7212202086D15D00A67572 /* Release */ = {
			isa = XCBuildConfiguration;
			buildSettings = {
				ASSETCATALOG_COMPILER_APPICON_NAME = AppIcon;
				CODE_SIGN_STYLE = Automatic;
				DEVELOPMENT_TEAM = W7ZXZZABXK;
				INFOPLIST_FILE = CommonLibraryDemo/Info.plist;
				LD_RUNPATH_SEARCH_PATHS = (
					"$(inherited)",
					"@executable_path/Frameworks",
				);
				PRODUCT_BUNDLE_IDENTIFIER = tengChen.CommonLibraryDemo;
				PRODUCT_NAME = "$(TARGET_NAME)";
				TARGETED_DEVICE_FAMILY = "1,2";
			};
			name = Release;
		};
/* End XCBuildConfiguration section */

/* Begin XCConfigurationList section */
		3E7212002086D15B00A67572 /* Build configuration list for PBXProject "CommonLibraryDemo" */ = {
			isa = XCConfigurationList;
			buildConfigurations = (
				3E72121C2086D15D00A67572 /* Debug */,
				3E72121D2086D15D00A67572 /* Release */,
			);
			defaultConfigurationIsVisible = 0;
			defaultConfigurationName = Release;
		};
		3E72121E2086D15D00A67572 /* Build configuration list for PBXNativeTarget "CommonLibraryDemo" */ = {
			isa = XCConfigurationList;
			buildConfigurations = (
				3E72121F2086D15D00A67572 /* Debug */,
				3E7212202086D15D00A67572 /* Release */,
			);
			defaultConfigurationIsVisible = 0;
			defaultConfigurationName = Release;
		};
/* End XCConfigurationList section */

/* Begin XCVersionGroup section */
		3E7212112086D15C00A67572 /* CommonLibraryDemo.xcdatamodeld */ = {
			isa = XCVersionGroup;
			children = (
				3E7212122086D15C00A67572 /* CommonLibraryDemo.xcdatamodel */,
			);
			currentVersion = 3E7212122086D15C00A67572 /* CommonLibraryDemo.xcdatamodel */;
			path = CommonLibraryDemo.xcdatamodeld;
			sourceTree = "<group>";
			versionGroupType = wrapper.xcdatamodel;
		};
/* End XCVersionGroup section */
	};
	rootObject = 3E7211FD2086D15B00A67572 /* Project object */;
}
